
Microsoft Visual Studio Solution File, Format Version 12.00
# Visual Studio Version 17
VisualStudioVersion = 17.10.35122.118
MinimumVisualStudioVersion = 10.0.40219.1
Project("{9A19103F-16F7-4668-BE54-9A1E7A4F7556}") = "AzureDevOpsStatistics", "AzureDevOpsStatistics.csproj", "{370245C8-CF63-4994-A043-6C7B33C27B98}"
EndProject
Global
	GlobalSection(SolutionConfigurationPlatforms) = preSolution
		Debug|Any CPU = Debug|Any CPU
		Release|Any CPU = Release|Any CPU
	EndGlobalSection
	GlobalSection(ProjectConfigurationPlatforms) = postSolution
		{370245C8-CF63-4994-A043-6C7B33C27B98}.Debug|Any CPU.ActiveCfg = Debug|Any CPU
		{370245C8-CF63-4994-A043-6C7B33C27B98}.Debug|Any CPU.Build.0 = Debug|Any CPU
		{370245C8-CF63-4994-A043-6C7B33C27B98}.Release|Any CPU.ActiveCfg = Release|Any CPU
		{370245C8-CF63-4994-A043-6C7B33C27B98}.Release|Any CPU.Build.0 = Release|Any CPU
	EndGlobalSection
	GlobalSection(SolutionProperties) = preSolution
		HideSolutionNode = FALSE
	EndGlobalSection
	GlobalSection(ExtensibilityGlobals) = postSolution
		SolutionGuid = {46FD3EBF-9C47-48DE-82BC-A1C0B73BDED3}
	EndGlobalSection
EndGlobal
